
Microsoft Visual Studio Solution File, Format Version 12.00
# Visual Studio Version 16
VisualStudioVersion = 16.0.31025.194
MinimumVisualStudioVersion = 10.0.40219.1
Project("{9A19103F-16F7-4668-BE54-9A1E7A4F7556}") = "CapitalGainsWebApi", "CapitalGainsWebApi\CapitalGainsWebApi.csproj", "{FD95F2AC-CEC6-4968-96A0-3D69588B5C82}"
EndProject
Project("{9A19103F-16F7-4668-BE54-9A1E7A4F7556}") = "BusinessLogic", "BusinessLogic\BusinessLogic.csproj", "{EAC9F1C0-0E10-4FCB-88BB-FB5EFEF7FFD2}"
EndProject
Project("{9A19103F-16F7-4668-BE54-9A1E7A4F7556}") = "Domain", "Domain\Domain.csproj", "{DD93CDB1-7F90-4433-B4BC-E99185BB52E1}"
EndProject
Project("{9A19103F-16F7-4668-BE54-9A1E7A4F7556}") = "Persistence", "Persistence\Persistence.csproj", "{1DD5BD7E-EA80-4DC3-A526-77A536EEF0E0}"
	ProjectSection(ProjectDependencies) = postProject
		{DD93CDB1-7F90-4433-B4BC-E99185BB52E1} = {DD93CDB1-7F90-4433-B4BC-E99185BB52E1}
	EndProjectSection
EndProject
Global
	GlobalSection(SolutionConfigurationPlatforms) = preSolution
		Debug|Any CPU = Debug|Any CPU
		Release|Any CPU = Release|Any CPU
	EndGlobalSection
	GlobalSection(ProjectConfigurationPlatforms) = postSolution
		{FD95F2AC-CEC6-4968-96A0-3D69588B5C82}.Debug|Any CPU.ActiveCfg = Debug|Any CPU
		{FD95F2AC-CEC6-4968-96A0-3D69588B5C82}.Debug|Any CPU.Build.0 = Debug|Any CPU
		{FD95F2AC-CEC6-4968-96A0-3D69588B5C82}.Release|Any CPU.ActiveCfg = Release|Any CPU
		{FD95F2AC-CEC6-4968-96A0-3D69588B5C82}.Release|Any CPU.Build.0 = Release|Any CPU
		{EAC9F1C0-0E10-4FCB-88BB-FB5EFEF7FFD2}.Debug|Any CPU.ActiveCfg = Debug|Any CPU
		{EAC9F1C0-0E10-4FCB-88BB-FB5EFEF7FFD2}.Debug|Any CPU.Build.0 = Debug|Any CPU
		{EAC9F1C0-0E10-4FCB-88BB-FB5EFEF7FFD2}.Release|Any CPU.ActiveCfg = Release|Any CPU
		{EAC9F1C0-0E10-4FCB-88BB-FB5EFEF7FFD2}.Release|Any CPU.Build.0 = Release|Any CPU
		{DD93CDB1-7F90-4433-B4BC-E99185BB52E1}.Debug|Any CPU.ActiveCfg = Debug|Any CPU
		{DD93CDB1-7F90-4433-B4BC-E99185BB52E1}.Debug|Any CPU.Build.0 = Debug|Any CPU
		{DD93CDB1-7F90-4433-B4BC-E99185BB52E1}.Release|Any CPU.ActiveCfg = Release|Any CPU
		{DD93CDB1-7F90-4433-B4BC-E99185BB52E1}.Release|Any CPU.Build.0 = Release|Any CPU
		{1DD5BD7E-EA80-4DC3-A526-77A536EEF0E0}.Debug|Any CPU.ActiveCfg = Debug|Any CPU
		{1DD5BD7E-EA80-4DC3-A526-77A536EEF0E0}.Debug|Any CPU.Build.0 = Debug|Any CPU
		{1DD5BD7E-EA80-4DC3-A526-77A536EEF0E0}.Release|Any CPU.ActiveCfg = Release|Any CPU
		{1DD5BD7E-EA80-4DC3-A526-77A536EEF0E0}.Release|Any CPU.Build.0 = Release|Any CPU
	EndGlobalSection
	GlobalSection(SolutionProperties) = preSolution
		HideSolutionNode = FALSE
	EndGlobalSection
	GlobalSection(ExtensibilityGlobals) = postSolution
		SolutionGuid = {4B66F531-3E34-44D7-9E1B-DB20B173B458}
	EndGlobalSection
EndGlobal
